
Microsoft Visual Studio Solution File, Format Version 12.00
# Visual Studio 2013
VisualStudioVersion = 12.0.31101.0
MinimumVisualStudioVersion = 10.0.40219.1
Project("{581633EB-B896-402F-8E60-36F3DA191C85}") = "Application5", "Application5\Application5.lsxtproj", "{C7F81E39-D8B6-415F-B75D-25A564EA9EBC}"
EndProject
Project("{FAE04EC0-301F-11D3-BF4B-00C04F79EFBC}") = "Application5.Server", "Application5\Application5.Server\Application5.Server.csproj", "{A799F4EA-60CD-4335-ADB1-01CB63B195DE}"
EndProject
Project("{FAE04EC0-301F-11D3-BF4B-00C04F79EFBC}") = "Application5.DesktopClient", "Application5\Application5.DesktopClient\Application5.DesktopClient.csproj", "{7C0E6118-322E-4D4E-AD57-5478B4E048E9}"
EndProject
Global
	GlobalSection(SolutionConfigurationPlatforms) = preSolution
		Debug|Any CPU = Debug|Any CPU
		Release|Any CPU = Release|Any CPU
	EndGlobalSection
	GlobalSection(ProjectConfigurationPlatforms) = postSolution
		{C7F81E39-D8B6-415F-B75D-25A564EA9EBC}.Debug|Any CPU.ActiveCfg = Debug|Any CPU
		{C7F81E39-D8B6-415F-B75D-25A564EA9EBC}.Debug|Any CPU.Build.0 = Debug|Any CPU
		{C7F81E39-D8B6-415F-B75D-25A564EA9EBC}.Release|Any CPU.ActiveCfg = Release|Any CPU
		{C7F81E39-D8B6-415F-B75D-25A564EA9EBC}.Release|Any CPU.Build.0 = Release|Any CPU
		{A799F4EA-60CD-4335-ADB1-01CB63B195DE}.Debug|Any CPU.ActiveCfg = Debug|Any CPU
		{A799F4EA-60CD-4335-ADB1-01CB63B195DE}.Debug|Any CPU.Build.0 = Debug|Any CPU
		{A799F4EA-60CD-4335-ADB1-01CB63B195DE}.Release|Any CPU.ActiveCfg = Release|Any CPU
		{A799F4EA-60CD-4335-ADB1-01CB63B195DE}.Release|Any CPU.Build.0 = Release|Any CPU
		{7C0E6118-322E-4D4E-AD57-5478B4E048E9}.Debug|Any CPU.ActiveCfg = Debug|Any CPU
		{7C0E6118-322E-4D4E-AD57-5478B4E048E9}.Debug|Any CPU.Build.0 = Debug|Any CPU
		{7C0E6118-322E-4D4E-AD57-5478B4E048E9}.Release|Any CPU.ActiveCfg = Release|Any CPU
		{7C0E6118-322E-4D4E-AD57-5478B4E048E9}.Release|Any CPU.Build.0 = Release|Any CPU
	EndGlobalSection
	GlobalSection(SolutionProperties) = preSolution
		HideSolutionNode = FALSE
	EndGlobalSection
EndGlobal
